
Microsoft Visual Studio Solution File, Format Version 12.00
# Visual Studio Version 17
VisualStudioVersion = 17.9.34622.214
MinimumVisualStudioVersion = 10.0.40219.1
Project("{9A19103F-16F7-4668-BE54-9A1E7A4F7556}") = "FrontStore", "FrontStore\FrontStore.csproj", "{091AEF98-F2F4-4338-8322-1B420729DA3C}"
EndProject
Global
	GlobalSection(SolutionConfigurationPlatforms) = preSolution
		Debug|Any CPU = Debug|Any CPU
		Release|Any CPU = Release|Any CPU
	EndGlobalSection
	GlobalSection(ProjectConfigurationPlatforms) = postSolution
		{091AEF98-F2F4-4338-8322-1B420729DA3C}.Debug|Any CPU.ActiveCfg = Debug|Any CPU
		{091AEF98-F2F4-4338-8322-1B420729DA3C}.Debug|Any CPU.Build.0 = Debug|Any CPU
		{091AEF98-F2F4-4338-8322-1B420729DA3C}.Release|Any CPU.ActiveCfg = Release|Any CPU
		{091AEF98-F2F4-4338-8322-1B420729DA3C}.Release|Any CPU.Build.0 = Release|Any CPU
	EndGlobalSection
	GlobalSection(SolutionProperties) = preSolution
		HideSolutionNode = FALSE
	EndGlobalSection
	GlobalSection(ExtensibilityGlobals) = postSolution
		SolutionGuid = {245A3524-4E8F-469D-AA10-CF7B60F791F5}
	EndGlobalSection
EndGlobal
